
Microsoft Visual Studio Solution File, Format Version 12.00
# Visual Studio Version 17
VisualStudioVersion = 17.9.34728.123
MinimumVisualStudioVersion = 10.0.40219.1
Project("{FAE04EC0-301F-11D3-BF4B-00C04F79EFBC}") = "QuanLyKho", "QuanLyKho\QuanLyKho.csproj", "{F9CD06B7-AD97-4C17-B73F-8E2AB0047D59}"
EndProject
Project("{2150E333-8FDC-42A3-9474-1A3956D46DE8}") = "DataLayer", "DataLayer", "{3EF391CD-C73D-4C9A-8FFB-3270F26C3BE2}"
EndProject
Project("{2150E333-8FDC-42A3-9474-1A3956D46DE8}") = "BusinessLayer", "BusinessLayer", "{B1628564-2DAE-411A-A011-AF4DD0FD0BB1}"
EndProject
Project("{2150E333-8FDC-42A3-9474-1A3956D46DE8}") = "PresentationLayer", "PresentationLayer", "{958D1F26-EFF1-460A-B3BB-58C349BD2E7E}"
EndProject
Project("{FAE04EC0-301F-11D3-BF4B-00C04F79EFBC}") = "DataAccess", "DataAccess\DataAccess.csproj", "{CAA18AC5-9D1E-4488-B2F5-3103650ECE2F}"
EndProject
Project("{FAE04EC0-301F-11D3-BF4B-00C04F79EFBC}") = "BusinessObject", "BusinessObject\BusinessObject.csproj", "{80166313-6B1C-4DEC-9FCE-46D06F7F4E71}"
EndProject
Global
	GlobalSection(SolutionConfigurationPlatforms) = preSolution
		Debug|Any CPU = Debug|Any CPU
		Release|Any CPU = Release|Any CPU
	EndGlobalSection
	GlobalSection(ProjectConfigurationPlatforms) = postSolution
		{F9CD06B7-AD97-4C17-B73F-8E2AB0047D59}.Debug|Any CPU.ActiveCfg = Debug|Any CPU
		{F9CD06B7-AD97-4C17-B73F-8E2AB0047D59}.Debug|Any CPU.Build.0 = Debug|Any CPU
		{F9CD06B7-AD97-4C17-B73F-8E2AB0047D59}.Release|Any CPU.ActiveCfg = Release|Any CPU
		{F9CD06B7-AD97-4C17-B73F-8E2AB0047D59}.Release|Any CPU.Build.0 = Release|Any CPU
		{CAA18AC5-9D1E-4488-B2F5-3103650ECE2F}.Debug|Any CPU.ActiveCfg = Debug|Any CPU
		{CAA18AC5-9D1E-4488-B2F5-3103650ECE2F}.Debug|Any CPU.Build.0 = Debug|Any CPU
		{CAA18AC5-9D1E-4488-B2F5-3103650ECE2F}.Release|Any CPU.ActiveCfg = Release|Any CPU
		{CAA18AC5-9D1E-4488-B2F5-3103650ECE2F}.Release|Any CPU.Build.0 = Release|Any CPU
		{80166313-6B1C-4DEC-9FCE-46D06F7F4E71}.Debug|Any CPU.ActiveCfg = Debug|Any CPU
		{80166313-6B1C-4DEC-9FCE-46D06F7F4E71}.Debug|Any CPU.Build.0 = Debug|Any CPU
		{80166313-6B1C-4DEC-9FCE-46D06F7F4E71}.Release|Any CPU.ActiveCfg = Release|Any CPU
		{80166313-6B1C-4DEC-9FCE-46D06F7F4E71}.Release|Any CPU.Build.0 = Release|Any CPU
	EndGlobalSection
	GlobalSection(SolutionProperties) = preSolution
		HideSolutionNode = FALSE
	EndGlobalSection
	GlobalSection(NestedProjects) = preSolution
		{F9CD06B7-AD97-4C17-B73F-8E2AB0047D59} = {958D1F26-EFF1-460A-B3BB-58C349BD2E7E}
		{CAA18AC5-9D1E-4488-B2F5-3103650ECE2F} = {3EF391CD-C73D-4C9A-8FFB-3270F26C3BE2}
		{80166313-6B1C-4DEC-9FCE-46D06F7F4E71} = {B1628564-2DAE-411A-A011-AF4DD0FD0BB1}
	EndGlobalSection
	GlobalSection(ExtensibilityGlobals) = postSolution
		SolutionGuid = {417E5A1E-B55C-4DA0-9E65-CBD17D07380F}
	EndGlobalSection
EndGlobal
